
Microsoft Visual Studio Solution File, Format Version 12.00
# Visual Studio Version 16
VisualStudioVersion = 16.0.29728.190
MinimumVisualStudioVersion = 10.0.40219.1
Project("{F2A71F9B-5D33-465A-A702-920D77279786}") = "PolyCoder.PersonalAccounting.Domain", "PolyCoder.PersonalAccounting.Domain\PolyCoder.PersonalAccounting.Domain.fsproj", "{AF890AFE-0C18-49C8-8DFB-1DCC29836790}"
EndProject
Project("{F2A71F9B-5D33-465A-A702-920D77279786}") = "PolyCoder.PersonalAccounting.WebApi", "PolyCoder.PersonalAccounting.WebApi\PolyCoder.PersonalAccounting.WebApi.fsproj", "{AEBA146E-CAC9-4351-9D79-236A6D447A8A}"
EndProject
Project("{F2A71F9B-5D33-465A-A702-920D77279786}") = "PolyCoder.PersonalAccounting.AzureServices", "PolyCoder.PersonalAccounting.AzureServices\PolyCoder.PersonalAccounting.AzureServices.fsproj", "{E09458F1-8AB5-413A-B229-2CDA6F7D51AA}"
EndProject
Project("{F2A71F9B-5D33-465A-A702-920D77279786}") = "PolyCoder.PersonalAccounting.GrainInterfaces", "PolyCoder.PersonalAccounting.GrainInterfaces\PolyCoder.PersonalAccounting.GrainInterfaces.fsproj", "{78EF324D-6142-4796-BE0E-136F7BBF5755}"
EndProject
Project("{F2A71F9B-5D33-465A-A702-920D77279786}") = "PolyCoder.PersonalAccounting.Grains", "PolyCoder.PersonalAccounting.Grains\PolyCoder.PersonalAccounting.Grains.fsproj", "{9DA0D489-01B5-42CC-B859-27D0EB5499C5}"
EndProject
Global
	GlobalSection(SolutionConfigurationPlatforms) = preSolution
		Debug|Any CPU = Debug|Any CPU
		Release|Any CPU = Release|Any CPU
	EndGlobalSection
	GlobalSection(ProjectConfigurationPlatforms) = postSolution
		{AF890AFE-0C18-49C8-8DFB-1DCC29836790}.Debug|Any CPU.ActiveCfg = Debug|Any CPU
		{AF890AFE-0C18-49C8-8DFB-1DCC29836790}.Debug|Any CPU.Build.0 = Debug|Any CPU
		{AF890AFE-0C18-49C8-8DFB-1DCC29836790}.Release|Any CPU.ActiveCfg = Release|Any CPU
		{AF890AFE-0C18-49C8-8DFB-1DCC29836790}.Release|Any CPU.Build.0 = Release|Any CPU
		{AEBA146E-CAC9-4351-9D79-236A6D447A8A}.Debug|Any CPU.ActiveCfg = Debug|Any CPU
		{AEBA146E-CAC9-4351-9D79-236A6D447A8A}.Debug|Any CPU.Build.0 = Debug|Any CPU
		{AEBA146E-CAC9-4351-9D79-236A6D447A8A}.Release|Any CPU.ActiveCfg = Release|Any CPU
		{AEBA146E-CAC9-4351-9D79-236A6D447A8A}.Release|Any CPU.Build.0 = Release|Any CPU
		{E09458F1-8AB5-413A-B229-2CDA6F7D51AA}.Debug|Any CPU.ActiveCfg = Debug|Any CPU
		{E09458F1-8AB5-413A-B229-2CDA6F7D51AA}.Debug|Any CPU.Build.0 = Debug|Any CPU
		{E09458F1-8AB5-413A-B229-2CDA6F7D51AA}.Release|Any CPU.ActiveCfg = Release|Any CPU
		{E09458F1-8AB5-413A-B229-2CDA6F7D51AA}.Release|Any CPU.Build.0 = Release|Any CPU
		{78EF324D-6142-4796-BE0E-136F7BBF5755}.Debug|Any CPU.ActiveCfg = Debug|Any CPU
		{78EF324D-6142-4796-BE0E-136F7BBF5755}.Debug|Any CPU.Build.0 = Debug|Any CPU
		{78EF324D-6142-4796-BE0E-136F7BBF5755}.Release|Any CPU.ActiveCfg = Release|Any CPU
		{78EF324D-6142-4796-BE0E-136F7BBF5755}.Release|Any CPU.Build.0 = Release|Any CPU
		{9DA0D489-01B5-42CC-B859-27D0EB5499C5}.Debug|Any CPU.ActiveCfg = Debug|Any CPU
		{9DA0D489-01B5-42CC-B859-27D0EB5499C5}.Debug|Any CPU.Build.0 = Debug|Any CPU
		{9DA0D489-01B5-42CC-B859-27D0EB5499C5}.Release|Any CPU.ActiveCfg = Release|Any CPU
		{9DA0D489-01B5-42CC-B859-27D0EB5499C5}.Release|Any CPU.Build.0 = Release|Any CPU
	EndGlobalSection
	GlobalSection(SolutionProperties) = preSolution
		HideSolutionNode = FALSE
	EndGlobalSection
	GlobalSection(ExtensibilityGlobals) = postSolution
		SolutionGuid = {D4AA8B8D-AA01-4CAE-A071-060116D5EAD0}
	EndGlobalSection
EndGlobal
