
Microsoft Visual Studio Solution File, Format Version 12.00
# Visual Studio Version 16
VisualStudioVersion = 16.0.29728.190
MinimumVisualStudioVersion = 10.0.40219.1
Project("{6EC3EE1D-3C4E-46DD-8F32-0CC8E7565705}") = "PolyCoder.PersonalAccounting.Domain", "PolyCoder.PersonalAccounting.Domain\PolyCoder.PersonalAccounting.Domain.fsproj", "{AF890AFE-0C18-49C8-8DFB-1DCC29836790}"
EndProject
Project("{6EC3EE1D-3C4E-46DD-8F32-0CC8E7565705}") = "PolyCoder.PersonalAccounting.WebApi", "PolyCoder.PersonalAccounting.WebApi\PolyCoder.PersonalAccounting.WebApi.fsproj", "{AEBA146E-CAC9-4351-9D79-236A6D447A8A}"
EndProject
Project("{6EC3EE1D-3C4E-46DD-8F32-0CC8E7565705}") = "PolyCoder.PersonalAccounting.GrainInterfaces", "PolyCoder.PersonalAccounting.GrainInterfaces\PolyCoder.PersonalAccounting.GrainInterfaces.fsproj", "{78EF324D-6142-4796-BE0E-136F7BBF5755}"
EndProject
Project("{6EC3EE1D-3C4E-46DD-8F32-0CC8E7565705}") = "PolyCoder.PersonalAccounting.Grains", "PolyCoder.PersonalAccounting.Grains\PolyCoder.PersonalAccounting.Grains.fsproj", "{9DA0D489-01B5-42CC-B859-27D0EB5499C5}"
EndProject
Project("{6EC3EE1D-3C4E-46DD-8F32-0CC8E7565705}") = "PolyCoder.Validation", "PolyCoder.Validation\PolyCoder.Validation.fsproj", "{B65F1F50-5DC2-46DB-A351-9134156D6261}"
EndProject
Project("{F2A71F9B-5D33-465A-A702-920D77279786}") = "PolyCoder.EventSourcing", "PolyCoder.EventSourcing\PolyCoder.EventSourcing.fsproj", "{E231642F-B886-4607-8084-0C4D6D125F69}"
EndProject
Project("{F2A71F9B-5D33-465A-A702-920D77279786}") = "PolyCoder.Serialization", "PolyCoder.Serialization\PolyCoder.Serialization.fsproj", "{F3E39393-1807-4951-8C5B-8049A3847418}"
EndProject
Project("{F2A71F9B-5D33-465A-A702-920D77279786}") = "PolyCoder.Core", "PolyCoder.Core\PolyCoder.Core.fsproj", "{1BC9B77B-B4CF-47E5-85CB-2743D812913A}"
EndProject
Project("{F2A71F9B-5D33-465A-A702-920D77279786}") = "PolyCoder.Azure.Cosmos", "PolyCoder.Azure.Cosmos\PolyCoder.Azure.Cosmos.fsproj", "{D18679D7-CD3F-4231-A32D-D492594BCB27}"
EndProject
Project("{F2A71F9B-5D33-465A-A702-920D77279786}") = "PolyCoder.EventSourcing.Azure.Cosmos", "PolyCoder.EventSourcing.Azure.Cosmos\PolyCoder.EventSourcing.Azure.Cosmos.fsproj", "{A647D2B6-2D9B-44C2-88FE-1EAA23595CCA}"
EndProject
Global
	GlobalSection(SolutionConfigurationPlatforms) = preSolution
		Debug|Any CPU = Debug|Any CPU
		Release|Any CPU = Release|Any CPU
	EndGlobalSection
	GlobalSection(ProjectConfigurationPlatforms) = postSolution
		{AF890AFE-0C18-49C8-8DFB-1DCC29836790}.Debug|Any CPU.ActiveCfg = Debug|Any CPU
		{AF890AFE-0C18-49C8-8DFB-1DCC29836790}.Debug|Any CPU.Build.0 = Debug|Any CPU
		{AF890AFE-0C18-49C8-8DFB-1DCC29836790}.Release|Any CPU.ActiveCfg = Release|Any CPU
		{AF890AFE-0C18-49C8-8DFB-1DCC29836790}.Release|Any CPU.Build.0 = Release|Any CPU
		{AEBA146E-CAC9-4351-9D79-236A6D447A8A}.Debug|Any CPU.ActiveCfg = Debug|Any CPU
		{AEBA146E-CAC9-4351-9D79-236A6D447A8A}.Debug|Any CPU.Build.0 = Debug|Any CPU
		{AEBA146E-CAC9-4351-9D79-236A6D447A8A}.Release|Any CPU.ActiveCfg = Release|Any CPU
		{AEBA146E-CAC9-4351-9D79-236A6D447A8A}.Release|Any CPU.Build.0 = Release|Any CPU
		{78EF324D-6142-4796-BE0E-136F7BBF5755}.Debug|Any CPU.ActiveCfg = Debug|Any CPU
		{78EF324D-6142-4796-BE0E-136F7BBF5755}.Debug|Any CPU.Build.0 = Debug|Any CPU
		{78EF324D-6142-4796-BE0E-136F7BBF5755}.Release|Any CPU.ActiveCfg = Release|Any CPU
		{78EF324D-6142-4796-BE0E-136F7BBF5755}.Release|Any CPU.Build.0 = Release|Any CPU
		{9DA0D489-01B5-42CC-B859-27D0EB5499C5}.Debug|Any CPU.ActiveCfg = Debug|Any CPU
		{9DA0D489-01B5-42CC-B859-27D0EB5499C5}.Debug|Any CPU.Build.0 = Debug|Any CPU
		{9DA0D489-01B5-42CC-B859-27D0EB5499C5}.Release|Any CPU.ActiveCfg = Release|Any CPU
		{9DA0D489-01B5-42CC-B859-27D0EB5499C5}.Release|Any CPU.Build.0 = Release|Any CPU
		{B65F1F50-5DC2-46DB-A351-9134156D6261}.Debug|Any CPU.ActiveCfg = Debug|Any CPU
		{B65F1F50-5DC2-46DB-A351-9134156D6261}.Debug|Any CPU.Build.0 = Debug|Any CPU
		{B65F1F50-5DC2-46DB-A351-9134156D6261}.Release|Any CPU.ActiveCfg = Release|Any CPU
		{B65F1F50-5DC2-46DB-A351-9134156D6261}.Release|Any CPU.Build.0 = Release|Any CPU
		{E231642F-B886-4607-8084-0C4D6D125F69}.Debug|Any CPU.ActiveCfg = Debug|Any CPU
		{E231642F-B886-4607-8084-0C4D6D125F69}.Debug|Any CPU.Build.0 = Debug|Any CPU
		{E231642F-B886-4607-8084-0C4D6D125F69}.Release|Any CPU.ActiveCfg = Release|Any CPU
		{E231642F-B886-4607-8084-0C4D6D125F69}.Release|Any CPU.Build.0 = Release|Any CPU
		{F3E39393-1807-4951-8C5B-8049A3847418}.Debug|Any CPU.ActiveCfg = Debug|Any CPU
		{F3E39393-1807-4951-8C5B-8049A3847418}.Debug|Any CPU.Build.0 = Debug|Any CPU
		{F3E39393-1807-4951-8C5B-8049A3847418}.Release|Any CPU.ActiveCfg = Release|Any CPU
		{F3E39393-1807-4951-8C5B-8049A3847418}.Release|Any CPU.Build.0 = Release|Any CPU
		{1BC9B77B-B4CF-47E5-85CB-2743D812913A}.Debug|Any CPU.ActiveCfg = Debug|Any CPU
		{1BC9B77B-B4CF-47E5-85CB-2743D812913A}.Debug|Any CPU.Build.0 = Debug|Any CPU
		{1BC9B77B-B4CF-47E5-85CB-2743D812913A}.Release|Any CPU.ActiveCfg = Release|Any CPU
		{1BC9B77B-B4CF-47E5-85CB-2743D812913A}.Release|Any CPU.Build.0 = Release|Any CPU
		{D18679D7-CD3F-4231-A32D-D492594BCB27}.Debug|Any CPU.ActiveCfg = Debug|Any CPU
		{D18679D7-CD3F-4231-A32D-D492594BCB27}.Debug|Any CPU.Build.0 = Debug|Any CPU
		{D18679D7-CD3F-4231-A32D-D492594BCB27}.Release|Any CPU.ActiveCfg = Release|Any CPU
		{D18679D7-CD3F-4231-A32D-D492594BCB27}.Release|Any CPU.Build.0 = Release|Any CPU
		{A647D2B6-2D9B-44C2-88FE-1EAA23595CCA}.Debug|Any CPU.ActiveCfg = Debug|Any CPU
		{A647D2B6-2D9B-44C2-88FE-1EAA23595CCA}.Debug|Any CPU.Build.0 = Debug|Any CPU
		{A647D2B6-2D9B-44C2-88FE-1EAA23595CCA}.Release|Any CPU.ActiveCfg = Release|Any CPU
		{A647D2B6-2D9B-44C2-88FE-1EAA23595CCA}.Release|Any CPU.Build.0 = Release|Any CPU
	EndGlobalSection
	GlobalSection(SolutionProperties) = preSolution
		HideSolutionNode = FALSE
	EndGlobalSection
	GlobalSection(ExtensibilityGlobals) = postSolution
		SolutionGuid = {D4AA8B8D-AA01-4CAE-A071-060116D5EAD0}
	EndGlobalSection
EndGlobal
